
Microsoft Visual Studio Solution File, Format Version 12.00
# Visual Studio 2013
VisualStudioVersion = 12.0.31101.0
MinimumVisualStudioVersion = 10.0.40219.1
Project("{FAE04EC0-301F-11D3-BF4B-00C04F79EFBC}") = "NamedEntityExtractorSK", "NamedEntityExtractorSK\NamedEntityExtractorSK.csproj", "{1CF7F0D1-21E7-4045-8EB2-1C02E4CFA5C9}"
EndProject
Project("{FAE04EC0-301F-11D3-BF4B-00C04F79EFBC}") = "NamedEntityExtractorSK.Test", "..\test\NamedEntityExtractorSK.Test\NamedEntityExtractorSK.Test.csproj", "{06C5AB63-E6BE-4974-BDF1-9A7F5E4AE5F2}"
EndProject
Global
	GlobalSection(SolutionConfigurationPlatforms) = preSolution
		Debug|Any CPU = Debug|Any CPU
		Release|Any CPU = Release|Any CPU
	EndGlobalSection
	GlobalSection(ProjectConfigurationPlatforms) = postSolution
		{1CF7F0D1-21E7-4045-8EB2-1C02E4CFA5C9}.Debug|Any CPU.ActiveCfg = Debug|Any CPU
		{1CF7F0D1-21E7-4045-8EB2-1C02E4CFA5C9}.Debug|Any CPU.Build.0 = Debug|Any CPU
		{1CF7F0D1-21E7-4045-8EB2-1C02E4CFA5C9}.Release|Any CPU.ActiveCfg = Release|Any CPU
		{1CF7F0D1-21E7-4045-8EB2-1C02E4CFA5C9}.Release|Any CPU.Build.0 = Release|Any CPU
		{06C5AB63-E6BE-4974-BDF1-9A7F5E4AE5F2}.Debug|Any CPU.ActiveCfg = Debug|Any CPU
		{06C5AB63-E6BE-4974-BDF1-9A7F5E4AE5F2}.Debug|Any CPU.Build.0 = Debug|Any CPU
		{06C5AB63-E6BE-4974-BDF1-9A7F5E4AE5F2}.Release|Any CPU.ActiveCfg = Release|Any CPU
		{06C5AB63-E6BE-4974-BDF1-9A7F5E4AE5F2}.Release|Any CPU.Build.0 = Release|Any CPU
	EndGlobalSection
	GlobalSection(SolutionProperties) = preSolution
		HideSolutionNode = FALSE
	EndGlobalSection
EndGlobal
